
Microsoft Visual Studio Solution File, Format Version 12.00
# Visual Studio Version 17
VisualStudioVersion = 17.8.34511.84
MinimumVisualStudioVersion = 10.0.40219.1
Project("{FAE04EC0-301F-11D3-BF4B-00C04F79EFBC}") = "WebTeam2", "WebTeam2\WebTeam2.csproj", "{71908B87-1548-48AE-9900-974D7CD7AC2E}"
EndProject
Global
	GlobalSection(SolutionConfigurationPlatforms) = preSolution
		Debug|Any CPU = Debug|Any CPU
		Release|Any CPU = Release|Any CPU
	EndGlobalSection
	GlobalSection(ProjectConfigurationPlatforms) = postSolution
		{71908B87-1548-48AE-9900-974D7CD7AC2E}.Debug|Any CPU.ActiveCfg = Debug|Any CPU
		{71908B87-1548-48AE-9900-974D7CD7AC2E}.Debug|Any CPU.Build.0 = Debug|Any CPU
		{71908B87-1548-48AE-9900-974D7CD7AC2E}.Release|Any CPU.ActiveCfg = Release|Any CPU
		{71908B87-1548-48AE-9900-974D7CD7AC2E}.Release|Any CPU.Build.0 = Release|Any CPU
	EndGlobalSection
	GlobalSection(SolutionProperties) = preSolution
		HideSolutionNode = FALSE
	EndGlobalSection
	GlobalSection(ExtensibilityGlobals) = postSolution
		SolutionGuid = {BF3DA171-E703-4D4E-B633-D0F45FC0883F}
	EndGlobalSection
EndGlobal
